
Microsoft Visual Studio Solution File, Format Version 12.00
# Visual Studio Version 17
VisualStudioVersion = 17.3.32825.248
MinimumVisualStudioVersion = 10.0.40219.1
Project("{FAE04EC0-301F-11D3-BF4B-00C04F79EFBC}") = "Visitor Placement Tools For Events", "Visitor Placement Tools For Events\Visitor Placement Tools For Events.csproj", "{4ED792BD-11CE-49B2-B30D-64C37956EDD0}"
EndProject
Global
	GlobalSection(SolutionConfigurationPlatforms) = preSolution
		Debug|Any CPU = Debug|Any CPU
		Release|Any CPU = Release|Any CPU
	EndGlobalSection
	GlobalSection(ProjectConfigurationPlatforms) = postSolution
		{4ED792BD-11CE-49B2-B30D-64C37956EDD0}.Debug|Any CPU.ActiveCfg = Debug|Any CPU
		{4ED792BD-11CE-49B2-B30D-64C37956EDD0}.Debug|Any CPU.Build.0 = Debug|Any CPU
		{4ED792BD-11CE-49B2-B30D-64C37956EDD0}.Release|Any CPU.ActiveCfg = Release|Any CPU
		{4ED792BD-11CE-49B2-B30D-64C37956EDD0}.Release|Any CPU.Build.0 = Release|Any CPU
	EndGlobalSection
	GlobalSection(SolutionProperties) = preSolution
		HideSolutionNode = FALSE
	EndGlobalSection
	GlobalSection(ExtensibilityGlobals) = postSolution
		SolutionGuid = {416998E7-307C-483E-83A4-5450616760D5}
	EndGlobalSection
EndGlobal
